<?xml version="1.0" encoding="utf-8"?>
<Project ToolsVersion="4.0" xmlns="http://schemas.microsoft.com/developer/msbuild/2003">
  <ItemGroup>
    <Filter Include="ソース ファイル">
      <UniqueIdentifier>{4FC737F1-C7A5-4376-A066-2A32D752A2FF}</UniqueIdentifier>
      <Extensions>cpp;c;cc;cxx;def;odl;idl;hpj;bat;asm;asmx</Extensions>
    </Filter>
    <Filter Include="ヘッダー ファイル">
      <UniqueIdentifier>{93995380-89BD-4b04-88EB-625FBE52EBFB}</UniqueIdentifier>
      <Extensions>h;hh;hpp;hxx;hm;inl;inc;xsd</Extensions>
    </Filter>
    <Filter Include="リソース ファイル">
      <UniqueIdentifier>{67DA6AB6-F800-4c08-8B7A-83BB121AAD01}</UniqueIdentifier>
      <Extensions>rc;ico;cur;bmp;dlg;rc2;rct;bin;rgs;gif;jpg;jpeg;jpe;resx;tiff;tif;png;wav;mfcribbon-ms</Extensions>
    </Filter>
    <Filter Include="ソース ファイル\src">
      <UniqueIdentifier>{d8baaa55-42a4-4e3e-9ad1-95cea5ce8719}</UniqueIdentifier>
    </Filter>
    <Filter Include="ソース ファイル\src\rs_grabber">
      <UniqueIdentifier>{61e6f687-2609-48e6-abd5-984d4fc4e2a4}</UniqueIdentifier>
    </Filter>
    <Filter Include="ソース ファイル\src\rs_grabber\real_sense">
      <UniqueIdentifier>{264d6c1a-0e5b-47af-8f5b-45379b4e064e}</UniqueIdentifier>
    </Filter>
    <Filter Include="ソース ファイル\src\rs_grabber\impl">
      <UniqueIdentifier>{f4a76539-783a-43a2-adf6-1999b1120806}</UniqueIdentifier>
    </Filter>
  </ItemGroup>
  <ItemGroup>
    <Text Include="ReadMe.txt" />
  </ItemGroup>
  <ItemGroup>
    <ClInclude Include="stdafx.h">
      <Filter>ヘッダー ファイル</Filter>
    </ClInclude>
    <ClInclude Include="targetver.h">
      <Filter>ヘッダー ファイル</Filter>
    </ClInclude>
    <ClInclude Include="..\src\rs_grabber\buffers.h">
      <Filter>ソース ファイル\src\rs_grabber</Filter>
    </ClInclude>
    <ClInclude Include="..\src\rs_grabber\io_exception.h">
      <Filter>ソース ファイル\src\rs_grabber</Filter>
    </ClInclude>
    <ClInclude Include="..\src\rs_grabber\real_sense_grabber.h">
      <Filter>ソース ファイル\src\rs_grabber</Filter>
    </ClInclude>
    <ClInclude Include="..\src\rs_grabber\real_sense\real_sense_device_manager.h">
      <Filter>ソース ファイル\src\rs_grabber\real_sense</Filter>
    </ClInclude>
    <ClInclude Include="..\src\rs_grabber\real_sense\time.h">
      <Filter>ソース ファイル\src\rs_grabber\real_sense</Filter>
    </ClInclude>
    <ClInclude Include="..\src\rs_grabber\impl\buffers.hpp">
      <Filter>ソース ファイル\src\rs_grabber\impl</Filter>
    </ClInclude>
  </ItemGroup>
  <ItemGroup>
    <ClCompile Include="stdafx.cpp">
      <Filter>ソース ファイル</Filter>
    </ClCompile>
    <ClCompile Include="realsense_node.cpp">
      <Filter>ソース ファイル</Filter>
    </ClCompile>
    <ClCompile Include="..\src\rs_grabber\io_exception.cpp">
      <Filter>ソース ファイル\src\rs_grabber</Filter>
    </ClCompile>
    <ClCompile Include="..\src\rs_grabber\real_sense_grabber.cpp">
      <Filter>ソース ファイル\src\rs_grabber</Filter>
    </ClCompile>
    <ClCompile Include="..\src\rs_grabber\real_sense\real_sense_device_manager.cpp">
      <Filter>ソース ファイル\src\rs_grabber\real_sense</Filter>
    </ClCompile>
    <ClCompile Include="..\src\cv_bridge.cpp">
      <Filter>ソース ファイル\src</Filter>
    </ClCompile>
  </ItemGroup>
</Project>